
Microsoft Visual Studio Solution File, Format Version 12.00
# Visual Studio Version 17
VisualStudioVersion = 17.12.35707.178 d17.12
MinimumVisualStudioVersion = 10.0.40219.1
Project("{FAE04EC0-301F-11D3-BF4B-00C04F79EFBC}") = "Back_API", "Back_API.csproj", "{ECAFEBE7-FCB2-46D2-B8AA-2934E3038B21}"
EndProject
Global
	GlobalSection(SolutionConfigurationPlatforms) = preSolution
		Debug|Any CPU = Debug|Any CPU
		Release|Any CPU = Release|Any CPU
	EndGlobalSection
	GlobalSection(ProjectConfigurationPlatforms) = postSolution
		{ECAFEBE7-FCB2-46D2-B8AA-2934E3038B21}.Debug|Any CPU.ActiveCfg = Debug|Any CPU
		{ECAFEBE7-FCB2-46D2-B8AA-2934E3038B21}.Debug|Any CPU.Build.0 = Debug|Any CPU
		{ECAFEBE7-FCB2-46D2-B8AA-2934E3038B21}.Release|Any CPU.ActiveCfg = Release|Any CPU
		{ECAFEBE7-FCB2-46D2-B8AA-2934E3038B21}.Release|Any CPU.Build.0 = Release|Any CPU
	EndGlobalSection
	GlobalSection(SolutionProperties) = preSolution
		HideSolutionNode = FALSE
	EndGlobalSection
EndGlobal
