
Microsoft Visual Studio Solution File, Format Version 12.00
# Visual Studio Version 17
VisualStudioVersion = 17.3.32929.385
MinimumVisualStudioVersion = 10.0.40219.1
Project("{FAE04EC0-301F-11D3-BF4B-00C04F79EFBC}") = "DataAccess", "..\DataAccess\DataAccess.csproj", "{36A593E8-CD14-4ECD-9731-29AA32EDCD76}"
EndProject
Project("{FAE04EC0-301F-11D3-BF4B-00C04F79EFBC}") = "Business", "..\Business\Business.csproj", "{49117B08-5EFD-46A7-9680-8C05D581C112}"
EndProject
Project("{FAE04EC0-301F-11D3-BF4B-00C04F79EFBC}") = "Presentation.ConsoleApp", "..\Presentation\Presentation.ConsoleApp.csproj", "{EFF63A01-49C4-4EAD-B35E-0509B84D60A8}"
EndProject
Project("{FAE04EC0-301F-11D3-BF4B-00C04F79EFBC}") = "Presentation.WinForms", "..\Presentation.WinForms\Presentation.WinForms.csproj", "{7BFBD03D-7B8F-4399-A015-3DA8018D79BA}"
EndProject
Project("{FAE04EC0-301F-11D3-BF4B-00C04F79EFBC}") = "Model", "..\Model\Model.csproj", "{10C09D9E-D56F-443F-9FD2-F30DA2A97A87}"
EndProject
Global
	GlobalSection(SolutionConfigurationPlatforms) = preSolution
		Debug|Any CPU = Debug|Any CPU
		Release|Any CPU = Release|Any CPU
	EndGlobalSection
	GlobalSection(ProjectConfigurationPlatforms) = postSolution
		{36A593E8-CD14-4ECD-9731-29AA32EDCD76}.Debug|Any CPU.ActiveCfg = Debug|Any CPU
		{36A593E8-CD14-4ECD-9731-29AA32EDCD76}.Debug|Any CPU.Build.0 = Debug|Any CPU
		{36A593E8-CD14-4ECD-9731-29AA32EDCD76}.Release|Any CPU.ActiveCfg = Release|Any CPU
		{36A593E8-CD14-4ECD-9731-29AA32EDCD76}.Release|Any CPU.Build.0 = Release|Any CPU
		{49117B08-5EFD-46A7-9680-8C05D581C112}.Debug|Any CPU.ActiveCfg = Debug|Any CPU
		{49117B08-5EFD-46A7-9680-8C05D581C112}.Debug|Any CPU.Build.0 = Debug|Any CPU
		{49117B08-5EFD-46A7-9680-8C05D581C112}.Release|Any CPU.ActiveCfg = Release|Any CPU
		{49117B08-5EFD-46A7-9680-8C05D581C112}.Release|Any CPU.Build.0 = Release|Any CPU
		{EFF63A01-49C4-4EAD-B35E-0509B84D60A8}.Debug|Any CPU.ActiveCfg = Debug|Any CPU
		{EFF63A01-49C4-4EAD-B35E-0509B84D60A8}.Debug|Any CPU.Build.0 = Debug|Any CPU
		{EFF63A01-49C4-4EAD-B35E-0509B84D60A8}.Release|Any CPU.ActiveCfg = Release|Any CPU
		{EFF63A01-49C4-4EAD-B35E-0509B84D60A8}.Release|Any CPU.Build.0 = Release|Any CPU
		{7BFBD03D-7B8F-4399-A015-3DA8018D79BA}.Debug|Any CPU.ActiveCfg = Debug|Any CPU
		{7BFBD03D-7B8F-4399-A015-3DA8018D79BA}.Debug|Any CPU.Build.0 = Debug|Any CPU
		{7BFBD03D-7B8F-4399-A015-3DA8018D79BA}.Release|Any CPU.ActiveCfg = Release|Any CPU
		{7BFBD03D-7B8F-4399-A015-3DA8018D79BA}.Release|Any CPU.Build.0 = Release|Any CPU
		{10C09D9E-D56F-443F-9FD2-F30DA2A97A87}.Debug|Any CPU.ActiveCfg = Debug|Any CPU
		{10C09D9E-D56F-443F-9FD2-F30DA2A97A87}.Debug|Any CPU.Build.0 = Debug|Any CPU
		{10C09D9E-D56F-443F-9FD2-F30DA2A97A87}.Release|Any CPU.ActiveCfg = Release|Any CPU
		{10C09D9E-D56F-443F-9FD2-F30DA2A97A87}.Release|Any CPU.Build.0 = Release|Any CPU
	EndGlobalSection
	GlobalSection(SolutionProperties) = preSolution
		HideSolutionNode = FALSE
	EndGlobalSection
	GlobalSection(ExtensibilityGlobals) = postSolution
		SolutionGuid = {21D1CBC9-60DF-431F-A9AD-5F943A1BF24B}
	EndGlobalSection
EndGlobal
